<?xml version="1.0" encoding="utf-8"?>
<Project ToolsVersion="4.0" xmlns="http://schemas.microsoft.com/developer/msbuild/2003">
  <ItemGroup>
    <Filter Include="Source Files">
      <UniqueIdentifier>{4FC737F1-C7A5-4376-A066-2A32D752A2FF}</UniqueIdentifier>
      <Extensions>cpp;c;cc;cxx;c++;cppm;ixx;def;odl;idl;hpj;bat;asm;asmx</Extensions>
    </Filter>
    <Filter Include="Header Files">
      <UniqueIdentifier>{93995380-89BD-4b04-88EB-625FBE52EBFB}</UniqueIdentifier>
      <Extensions>h;hh;hpp;hxx;h++;hm;inl;inc;ipp;xsd</Extensions>
    </Filter>
    <Filter Include="Resource Files">
      <UniqueIdentifier>{67DA6AB6-F800-4c08-8B7A-83BB121AAD01}</UniqueIdentifier>
      <Extensions>rc;ico;cur;bmp;dlg;rc2;rct;bin;rgs;gif;jpg;jpeg;jpe;resx;tiff;tif;png;wav;mfcribbon-ms</Extensions>
    </Filter>
    <Filter Include="Source Files\SupJCR">
      <UniqueIdentifier>{e48f2d1b-b447-4c9f-9a30-28a58c1dae87}</UniqueIdentifier>
    </Filter>
    <Filter Include="Source Files\Slyvina">
      <UniqueIdentifier>{01c01a5f-ca3d-47aa-9e2f-813d707e8204}</UniqueIdentifier>
    </Filter>
    <Filter Include="Source Files\Slyvina\Units">
      <UniqueIdentifier>{378fad47-f1e1-4887-a5fe-aa22357a47fb}</UniqueIdentifier>
    </Filter>
    <Filter Include="Source Files\Slyvina\JCR6">
      <UniqueIdentifier>{acaef538-98f8-4222-a5e3-d51fda224de7}</UniqueIdentifier>
    </Filter>
    <Filter Include="Source Files\Slyvina\TQSL">
      <UniqueIdentifier>{4b2337a1-ea2b-4703-8e26-448217f6278a}</UniqueIdentifier>
    </Filter>
    <Filter Include="Source Files\Slyvina\June19">
      <UniqueIdentifier>{f38b8a19-ed40-4a4d-a270-3140fb49470a}</UniqueIdentifier>
    </Filter>
  </ItemGroup>
  <ItemGroup>
    <ClCompile Include="Kthura.cpp">
      <Filter>Source Files</Filter>
    </ClCompile>
    <ClCompile Include="..\SupJCR\SupJCR.cpp">
      <Filter>Source Files\SupJCR</Filter>
    </ClCompile>
    <ClCompile Include="Glob.cpp">
      <Filter>Source Files</Filter>
    </ClCompile>
    <ClCompile Include="Run.cpp">
      <Filter>Source Files</Filter>
    </ClCompile>
    <ClCompile Include="..\..\..\Libs\Units\Source\SlyvArgParse.cpp">
      <Filter>Source Files\Slyvina\Units</Filter>
    </ClCompile>
    <ClCompile Include="..\..\..\Libs\Units\Source\SlyvBank.cpp">
      <Filter>Source Files\Slyvina\Units</Filter>
    </ClCompile>
    <ClCompile Include="..\..\..\Libs\Units\Source\SlyvDir.cpp">
      <Filter>Source Files\Slyvina\Units</Filter>
    </ClCompile>
    <ClCompile Include="..\..\..\Libs\Units\Source\SlyvDirry.cpp">
      <Filter>Source Files\Slyvina\Units</Filter>
    </ClCompile>
    <ClCompile Include="..\..\..\Libs\Units\Source\SlyvMD5.cpp">
      <Filter>Source Files\Slyvina\Units</Filter>
    </ClCompile>
    <ClCompile Include="..\..\..\Libs\Units\Source\SlyvQCol.cpp">
      <Filter>Source Files\Slyvina\Units</Filter>
    </ClCompile>
    <ClCompile Include="..\..\..\Libs\Units\Source\SlyvSTOI.cpp">
      <Filter>Source Files\Slyvina\Units</Filter>
    </ClCompile>
    <ClCompile Include="..\..\..\Libs\Units\Source\SlyvStream.cpp">
      <Filter>Source Files\Slyvina\Units</Filter>
    </ClCompile>
    <ClCompile Include="..\..\..\Libs\Units\Source\SlyvString.cpp">
      <Filter>Source Files\Slyvina\Units</Filter>
    </ClCompile>
    <ClCompile Include="..\..\..\Libs\Units\Source\SlyvTime.cpp">
      <Filter>Source Files\Slyvina\Units</Filter>
    </ClCompile>
    <ClCompile Include="..\..\..\Libs\Units\Source\SlyvVolumes.cpp">
      <Filter>Source Files\Slyvina\Units</Filter>
    </ClCompile>
    <ClCompile Include="..\..\..\Libs\JCR6\Source\JCR6_Core.cpp">
      <Filter>Source Files\Slyvina\JCR6</Filter>
    </ClCompile>
    <ClCompile Include="..\..\..\Libs\JCR6\Source\JCR6_zlib.cpp">
      <Filter>Source Files\Slyvina\JCR6</Filter>
    </ClCompile>
    <ClCompile Include="..\..\..\Libs\Units\Source\SlyvAsk.cpp">
      <Filter>Source Files\Slyvina\Units</Filter>
    </ClCompile>
    <ClCompile Include="..\..\..\Libs\TQSL\Source\TQSE.cpp">
      <Filter>Source Files\Slyvina\TQSL</Filter>
    </ClCompile>
    <ClCompile Include="..\..\..\Libs\TQSL\Source\TQSG.cpp">
      <Filter>Source Files\Slyvina\TQSL</Filter>
    </ClCompile>
    <ClCompile Include="..\..\..\Libs\June19\src\june19_button.cpp">
      <Filter>Source Files\Slyvina\June19</Filter>
    </ClCompile>
    <ClCompile Include="..\..\..\Libs\June19\src\june19_checkbox.cpp">
      <Filter>Source Files\Slyvina\June19</Filter>
    </ClCompile>
    <ClCompile Include="..\..\..\Libs\June19\src\june19_core.cpp">
      <Filter>Source Files\Slyvina\June19</Filter>
    </ClCompile>
    <ClCompile Include="..\..\..\Libs\June19\src\june19_label.cpp">
      <Filter>Source Files\Slyvina\June19</Filter>
    </ClCompile>
    <ClCompile Include="..\..\..\Libs\June19\src\june19_listbox.cpp">
      <Filter>Source Files\Slyvina\June19</Filter>
    </ClCompile>
    <ClCompile Include="..\..\..\Libs\June19\src\june19_picture.cpp">
      <Filter>Source Files\Slyvina\June19</Filter>
    </ClCompile>
    <ClCompile Include="..\..\..\Libs\June19\src\june19_radio.cpp">
      <Filter>Source Files\Slyvina\June19</Filter>
    </ClCompile>
    <ClCompile Include="..\..\..\Libs\June19\src\june19_scrollbar.cpp">
      <Filter>Source Files\Slyvina\June19</Filter>
    </ClCompile>
    <ClCompile Include="..\..\..\Libs\June19\src\june19_tabber.cpp">
      <Filter>Source Files\Slyvina\June19</Filter>
    </ClCompile>
    <ClCompile Include="..\..\..\Libs\June19\src\june19_textfield.cpp">
      <Filter>Source Files\Slyvina\June19</Filter>
    </ClCompile>
  </ItemGroup>
  <ItemGroup>
    <ClInclude Include="..\SupJCR\SupJCR.hpp">
      <Filter>Source Files\SupJCR</Filter>
    </ClInclude>
    <ClInclude Include="Glob.hpp">
      <Filter>Header Files</Filter>
    </ClInclude>
    <ClInclude Include="Run.hpp">
      <Filter>Header Files</Filter>
    </ClInclude>
    <ClInclude Include="builddate.hpp">
      <Filter>Header Files</Filter>
    </ClInclude>
  </ItemGroup>
</Project>