<?xml version="1.0" encoding="utf-8"?>
<Project ToolsVersion="4.0" xmlns="http://schemas.microsoft.com/developer/msbuild/2003">
  <ItemGroup>
    <Filter Include="Source Files">
      <UniqueIdentifier>{4FC737F1-C7A5-4376-A066-2A32D752A2FF}</UniqueIdentifier>
      <Extensions>cpp;c;cc;cxx;c++;cppm;ixx;def;odl;idl;hpj;bat;asm;asmx</Extensions>
    </Filter>
    <Filter Include="Header Files">
      <UniqueIdentifier>{93995380-89BD-4b04-88EB-625FBE52EBFB}</UniqueIdentifier>
      <Extensions>h;hh;hpp;hxx;h++;hm;inl;inc;ipp;xsd</Extensions>
    </Filter>
    <Filter Include="Resource Files">
      <UniqueIdentifier>{67DA6AB6-F800-4c08-8B7A-83BB121AAD01}</UniqueIdentifier>
      <Extensions>rc;ico;cur;bmp;dlg;rc2;rct;bin;rgs;gif;jpg;jpeg;jpe;resx;tiff;tif;png;wav;mfcribbon-ms</Extensions>
    </Filter>
    <Filter Include="Copy">
      <UniqueIdentifier>{00775490-703f-4bbd-bb3d-b32fa859a14e}</UniqueIdentifier>
    </Filter>
    <Filter Include="Copy\SDL2">
      <UniqueIdentifier>{d2957109-1600-4a0e-8c44-829c50ee1ead}</UniqueIdentifier>
    </Filter>
    <Filter Include="Copy\zlib">
      <UniqueIdentifier>{cd85b07e-7d95-46fc-8770-af3fb888af7c}</UniqueIdentifier>
    </Filter>
    <Filter Include="Source Files\Slyvina">
      <UniqueIdentifier>{07654042-9735-47c6-8eee-07a904a884fa}</UniqueIdentifier>
    </Filter>
    <Filter Include="Source Files\Slyvina\Units">
      <UniqueIdentifier>{21ba4a52-f898-439b-8772-2c514a5467e0}</UniqueIdentifier>
    </Filter>
    <Filter Include="Source Files\Slyvina\JCR6">
      <UniqueIdentifier>{c034a36c-5e71-48f8-984d-e7a83b25e2b6}</UniqueIdentifier>
    </Filter>
    <Filter Include="Source Files\Slyvina\TQSL">
      <UniqueIdentifier>{c2d24cf2-7c52-4d0a-8421-779dd676b113}</UniqueIdentifier>
    </Filter>
    <Filter Include="Source Files\Slyvina\June19">
      <UniqueIdentifier>{2dfdfbab-005f-4a55-97a2-1501214d3d2b}</UniqueIdentifier>
    </Filter>
    <Filter Include="Source Files\SupJCR">
      <UniqueIdentifier>{26aaf029-9061-4021-a0ae-704881398d02}</UniqueIdentifier>
    </Filter>
  </ItemGroup>
  <ItemGroup>
    <ClCompile Include="Kthura_Start.cpp">
      <Filter>Source Files</Filter>
    </ClCompile>
    <ClCompile Include="..\..\..\Libs\Units\Source\SlyvArgParse.cpp">
      <Filter>Source Files\Slyvina\Units</Filter>
    </ClCompile>
    <ClCompile Include="..\..\..\Libs\Units\Source\SlyvBank.cpp">
      <Filter>Source Files\Slyvina\Units</Filter>
    </ClCompile>
    <ClCompile Include="..\..\..\Libs\Units\Source\SlyvDir.cpp">
      <Filter>Source Files\Slyvina\Units</Filter>
    </ClCompile>
    <ClCompile Include="..\..\..\Libs\Units\Source\SlyvDirry.cpp">
      <Filter>Source Files\Slyvina\Units</Filter>
    </ClCompile>
    <ClCompile Include="..\..\..\Libs\Units\Source\SlyvMD5.cpp">
      <Filter>Source Files\Slyvina\Units</Filter>
    </ClCompile>
    <ClCompile Include="..\..\..\Libs\Units\Source\SlyvQCol.cpp">
      <Filter>Source Files\Slyvina\Units</Filter>
    </ClCompile>
    <ClCompile Include="..\..\..\Libs\Units\Source\SlyvSTOI.cpp">
      <Filter>Source Files\Slyvina\Units</Filter>
    </ClCompile>
    <ClCompile Include="..\..\..\Libs\Units\Source\SlyvStream.cpp">
      <Filter>Source Files\Slyvina\Units</Filter>
    </ClCompile>
    <ClCompile Include="..\..\..\Libs\Units\Source\SlyvString.cpp">
      <Filter>Source Files\Slyvina\Units</Filter>
    </ClCompile>
    <ClCompile Include="..\..\..\Libs\Units\Source\SlyvTime.cpp">
      <Filter>Source Files\Slyvina\Units</Filter>
    </ClCompile>
    <ClCompile Include="..\..\..\Libs\Units\Source\SlyvVolumes.cpp">
      <Filter>Source Files\Slyvina\Units</Filter>
    </ClCompile>
    <ClCompile Include="..\..\..\Libs\Units\Source\SlyvAsk.cpp">
      <Filter>Source Files\Slyvina\Units</Filter>
    </ClCompile>
    <ClCompile Include="..\..\..\Libs\JCR6\Source\JCR6_Core.cpp">
      <Filter>Source Files\Slyvina\JCR6</Filter>
    </ClCompile>
    <ClCompile Include="..\..\..\Libs\JCR6\Source\JCR6_zlib.cpp">
      <Filter>Source Files\Slyvina\JCR6</Filter>
    </ClCompile>
    <ClCompile Include="..\..\..\Libs\TQSL\Source\TQSE.cpp">
      <Filter>Source Files\Slyvina\TQSL</Filter>
    </ClCompile>
    <ClCompile Include="..\..\..\Libs\TQSL\Source\TQSG.cpp">
      <Filter>Source Files\Slyvina\TQSL</Filter>
    </ClCompile>
    <ClCompile Include="..\..\..\Libs\June19\src\june19_button.cpp">
      <Filter>Source Files\Slyvina\June19</Filter>
    </ClCompile>
    <ClCompile Include="..\..\..\Libs\June19\src\june19_checkbox.cpp">
      <Filter>Source Files\Slyvina\June19</Filter>
    </ClCompile>
    <ClCompile Include="..\..\..\Libs\June19\src\june19_core.cpp">
      <Filter>Source Files\Slyvina\June19</Filter>
    </ClCompile>
    <ClCompile Include="..\..\..\Libs\June19\src\june19_label.cpp">
      <Filter>Source Files\Slyvina\June19</Filter>
    </ClCompile>
    <ClCompile Include="..\..\..\Libs\June19\src\june19_listbox.cpp">
      <Filter>Source Files\Slyvina\June19</Filter>
    </ClCompile>
    <ClCompile Include="..\..\..\Libs\June19\src\june19_picture.cpp">
      <Filter>Source Files\Slyvina\June19</Filter>
    </ClCompile>
    <ClCompile Include="..\..\..\Libs\June19\src\june19_radio.cpp">
      <Filter>Source Files\Slyvina\June19</Filter>
    </ClCompile>
    <ClCompile Include="..\..\..\Libs\June19\src\june19_scrollbar.cpp">
      <Filter>Source Files\Slyvina\June19</Filter>
    </ClCompile>
    <ClCompile Include="..\..\..\Libs\June19\src\june19_tabber.cpp">
      <Filter>Source Files\Slyvina\June19</Filter>
    </ClCompile>
    <ClCompile Include="..\..\..\Libs\June19\src\june19_textfield.cpp">
      <Filter>Source Files\Slyvina\June19</Filter>
    </ClCompile>
    <ClCompile Include="..\SupJCR\SupJCR.cpp">
      <Filter>Source Files\SupJCR</Filter>
    </ClCompile>
    <ClCompile Include="source\CLI_Config.cpp">
      <Filter>Source Files</Filter>
    </ClCompile>
    <ClCompile Include="source\Project.cpp">
      <Filter>Source Files</Filter>
    </ClCompile>
    <ClCompile Include="source\Glob.cpp">
      <Filter>Source Files</Filter>
    </ClCompile>
    <ClCompile Include="source\UserInterface.cpp">
      <Filter>Source Files</Filter>
    </ClCompile>
    <ClCompile Include="source\Resource.cpp">
      <Filter>Source Files</Filter>
    </ClCompile>
    <ClCompile Include="source\UI_MainEditor_Class.cpp">
      <Filter>Source Files</Filter>
    </ClCompile>
  </ItemGroup>
  <ItemGroup>
    <CopyFileToFolders Include="..\..\..\Libs\TQSL\SDL2\libjpeg-9.dll">
      <Filter>Copy\SDL2</Filter>
    </CopyFileToFolders>
    <CopyFileToFolders Include="..\..\..\Libs\TQSL\SDL2\libpng16-16.dll">
      <Filter>Copy\SDL2</Filter>
    </CopyFileToFolders>
    <CopyFileToFolders Include="..\..\..\Libs\TQSL\SDL2\libtiff-5.dll">
      <Filter>Copy\SDL2</Filter>
    </CopyFileToFolders>
    <CopyFileToFolders Include="..\..\..\Libs\TQSL\SDL2\libwebp-7.dll">
      <Filter>Copy\SDL2</Filter>
    </CopyFileToFolders>
    <CopyFileToFolders Include="..\..\..\Libs\TQSL\SDL2\SDL2.dll">
      <Filter>Copy\SDL2</Filter>
    </CopyFileToFolders>
    <CopyFileToFolders Include="..\..\..\Libs\TQSL\SDL2\SDL2_image.dll">
      <Filter>Copy\SDL2</Filter>
    </CopyFileToFolders>
    <CopyFileToFolders Include="..\..\..\Libs\TQSL\SDL2\zlib1.dll">
      <Filter>Copy\SDL2</Filter>
    </CopyFileToFolders>
    <CopyFileToFolders Include="..\..\..\Libs\JCR6\3rdParty\zlib\zlib.dll">
      <Filter>Copy\zlib</Filter>
    </CopyFileToFolders>
  </ItemGroup>
  <ItemGroup>
    <ClInclude Include="..\SupJCR\SupJCR.hpp">
      <Filter>Source Files\SupJCR</Filter>
    </ClInclude>
    <ClInclude Include="headers\ConfigCLI.hpp">
      <Filter>Header Files</Filter>
    </ClInclude>
    <ClInclude Include="headers\Project.hpp">
      <Filter>Header Files</Filter>
    </ClInclude>
    <ClInclude Include="headers\Glob.hpp">
      <Filter>Header Files</Filter>
    </ClInclude>
    <ClInclude Include="headers\UserInterface.hpp">
      <Filter>Header Files</Filter>
    </ClInclude>
    <ClInclude Include="headers\Resource.hpp">
      <Filter>Header Files</Filter>
    </ClInclude>
    <ClInclude Include="headers\UI_MainEditor_Class.hpp">
      <Filter>Header Files</Filter>
    </ClInclude>
    <ClInclude Include="resource.h">
      <Filter>Header Files</Filter>
    </ClInclude>
  </ItemGroup>
  <ItemGroup>
    <ResourceCompile Include="Kthura_Editor.rc">
      <Filter>Resource Files</Filter>
    </ResourceCompile>
  </ItemGroup>
  <ItemGroup>
    <Image Include="..\Kthura_NewProjectWizard\Kthura.ico">
      <Filter>Resource Files</Filter>
    </Image>
  </ItemGroup>
</Project>